# This file is automatically @generated by Cargo.
# It is not intended for manual editing.
version = 3

[[package]]
name = "classes"
version = "1.0.0"
source = "registry+https://github.com/rust-lang/crates.io-index"
checksum = "5603d514e43c7439b594a021fa63bf6bfde2b47b6af966023624fd777d4dd8b3"

[[package]]
name = "once_cell"
version = "1.18.0"
source = "registry+https://github.com/rust-lang/crates.io-index"
checksum = "dd8b5dd2ae5ed71462c540258bedcb51965123ad7e7ccf4b9a8cafaa4a63576d"

[[package]]
name = "proc-macro2"
version = "1.0.66"
source = "registry+https://github.com/rust-lang/crates.io-index"
checksum = "18fb31db3f9bddb2ea821cde30a9f70117e3f119938b5ee630b7403aa6e2ead9"
dependencies = [
 "unicode-ident",
]

[[package]]
name = "quote"
version = "1.0.31"
source = "registry+https://github.com/rust-lang/crates.io-index"
checksum = "5fe8a65d69dd0808184ebb5f836ab526bb259db23c657efa38711b1072ee47f0"
dependencies = [
 "proc-macro2",
]

[[package]]
name = "regex-lite"
version = "0.1.0"
source = "registry+https://github.com/rust-lang/crates.io-index"
checksum = "f96ede7f386ba6e910092e7ccdc04176cface62abebea07ed6b46d870ed95ca2"

[[package]]
name = "syn"
version = "2.0.27"
source = "registry+https://github.com/rust-lang/crates.io-index"
checksum = "b60f673f44a8255b9c8c657daf66a596d435f2da81a555b06dc644d080ba45e0"
dependencies = [
 "proc-macro2",
 "quote",
 "unicode-ident",
]

[[package]]
name = "unicode-ident"
version = "1.0.4"
source = "registry+https://github.com/rust-lang/crates.io-index"
checksum = "dcc811dc4066ac62f84f11307873c4850cb653bfa9b1719cee2bd2204a4bc5dd"

[[package]]
name = "unocss-classes"
version = "2.0.0"
dependencies = [
 "classes",
 "unocss-classes-macros",
 "unocss-classes-utils",
]

[[package]]
name = "unocss-classes-macros"
version = "2.0.0"
dependencies = [
 "proc-macro2",
 "quote",
 "syn",
 "unocss-classes-utils",
]

[[package]]
name = "unocss-classes-utils"
version = "2.0.0"
dependencies = [
 "once_cell",
 "regex-lite",
]
